# This file is autogenerated, do not edit; changes may be undone by the next 'dep ensure'.


[[projects]]
  digest = "1:a62f6ed230a8cd138a9efbe718e7d0b0294f139266f5f55cd942769a9aac8de2"
  name = "github.com/PuerkitoBio/goquery"
  packages = ["."]
  pruneopts = "UT"
  revision = "dc2ec5c7ca4d9aae063b79b9f581dd3ea6afd2b2"
  version = "v1.4.1"

[[projects]]
  digest = "1:66b3310cf22cdc96c35ef84ede4f7b9b370971c4025f394c89a2638729653b11"
  name = "github.com/andybalholm/cascadia"
  packages = ["."]
  pruneopts = "UT"
  revision = "901648c87902174f774fac311d7f176f8647bdaa"
  version = "v1.0.0"

[[projects]]
  digest = "1:fc51ecee8f31d03436c1a0167eb1e383ad0a241d02272541853f3995374a08f1"
  name = "github.com/gorilla/css"
  packages = ["scanner"]
  pruneopts = "UT"
  revision = "398b0b046082ecb3694c01bec6b336a06a4e530a"
  version = "v1.0.0"

[[projects]]
  branch = "master"
  digest = "1:f099f01404787f3d89257d3dd7fbea0c8da7bd9fd3ff9ae9d8bf80c56523b125"
  name = "github.com/unrolled/render"
  packages = ["."]
  pruneopts = "UT"
  revision = "4206df6ff70175d219fdb4672ae157fbed820103"

[[projects]]
  branch = "master"
  digest = "1:1eab70aab2688f63717f0c7b3ead7fed2819cc11e59c7310b6512dfe6e9fb80c"
  name = "github.com/vanng822/css"
  packages = ["."]
  pruneopts = "UT"
  revision = "c6885fd13293bb05bfcdd824ce4a4aa4ca89e075"

[[projects]]
  branch = "master"
  digest = "1:5e6f4950a111060789fc47ae6c187ca37baebd81dfd95cfcc5a702a105bb1fbd"
  name = "github.com/vanng822/go-premailer"
  packages = ["premailer"]
  pruneopts = "UT"
  revision = "e3d36948cdc35f9b289a04df51202e9e25f0a213"

[[projects]]
  branch = "master"
  digest = "1:b147d4ea22d26c76251d32e57b91605ab35db7032eca30200bb08298613d0bca"
  name = "github.com/vanng822/r2router"
  packages = ["."]
  pruneopts = "UT"
  revision = "1023140a4f309480a35668e695deda550100f502"

[[projects]]
  branch = "master"
  digest = "1:ee9dfdf08a936a73c3068adda5cf3192cbcb2333f3383eb4283e683bbcf32c40"
  name = "github.com/vanng822/recovery"
  packages = ["."]
  pruneopts = "UT"
  revision = "05bd745de2a9179c2ab6c5a516099605220eb9a1"

[[projects]]
  branch = "master"
  digest = "1:1ef52fe3c5134f18540c4ca5ee70c57f14a3c85b21e05867f0e793de006169a6"
  name = "golang.org/x/net"
  packages = [
    "html",
    "html/atom",
  ]
  pruneopts = "UT"
  revision = "c39426892332e1bb5ec0a434a079bf82f5d30c54"

[solve-meta]
  analyzer-name = "dep"
  analyzer-version = 1
  input-imports = [
    "github.com/unrolled/render",
    "github.com/vanng822/go-premailer/premailer",
    "github.com/vanng822/r2router",
    "github.com/vanng822/recovery",
  ]
  solver-name = "gps-cdcl"
  solver-version = 1
