# This file is autogenerated, do not edit; changes may be undone by the next 'dep ensure'.


[[projects]]
  digest = "1:573fa46f8d413d4bc3f7cc5e86b2c43cb21559f4fb0a19d9874d228e28fdc07c"
  name = "github.com/PuerkitoBio/goquery"
  packages = ["."]
  pruneopts = "UT"
  revision = "2d2796f41742ece03e8086188fa4db16a3a0b458"
  version = "v1.5.0"

[[projects]]
  digest = "1:66b3310cf22cdc96c35ef84ede4f7b9b370971c4025f394c89a2638729653b11"
  name = "github.com/andybalholm/cascadia"
  packages = ["."]
  pruneopts = "UT"
  revision = "901648c87902174f774fac311d7f176f8647bdaa"
  version = "v1.0.0"

[[projects]]
  digest = "1:fc51ecee8f31d03436c1a0167eb1e383ad0a241d02272541853f3995374a08f1"
  name = "github.com/gorilla/css"
  packages = ["scanner"]
  pruneopts = "UT"
  revision = "398b0b046082ecb3694c01bec6b336a06a4e530a"
  version = "v1.0.0"

[[projects]]
  branch = "master"
  digest = "1:79b4d0d87ca54191e8f7e4ae0ac1f33cc7eea9ee2b9fe7db23044ce89dafbd1b"
  name = "github.com/unrolled/render"
  packages = ["."]
  pruneopts = "UT"
  revision = "1ac792296fd4f4de9559a5f9a85c277c54ffb1cf"

[[projects]]
  branch = "master"
  digest = "1:c697dfde900a834bd3b650b7b8a462d168b9d6572a219e18254b69c31eb262f8"
  name = "github.com/vanng822/css"
  packages = ["."]
  pruneopts = "UT"
  revision = "630d8a6dd375098a1675f2022c1c8ce2dbc10dcd"

[[projects]]
  branch = "master"
  digest = "1:5e2b2e9e9dab2919fcaf761905c5a69020061bd429be4d5d6157c16e6fb05c61"
  name = "github.com/vanng822/go-premailer"
  packages = ["premailer"]
  pruneopts = "UT"
  revision = "25062432fe0b5edfbd30579259e39f43ffa99ad6"

[[projects]]
  branch = "master"
  digest = "1:b147d4ea22d26c76251d32e57b91605ab35db7032eca30200bb08298613d0bca"
  name = "github.com/vanng822/r2router"
  packages = ["."]
  pruneopts = "UT"
  revision = "1023140a4f309480a35668e695deda550100f502"

[[projects]]
  branch = "master"
  digest = "1:ee9dfdf08a936a73c3068adda5cf3192cbcb2333f3383eb4283e683bbcf32c40"
  name = "github.com/vanng822/recovery"
  packages = ["."]
  pruneopts = "UT"
  revision = "05bd745de2a9179c2ab6c5a516099605220eb9a1"

[[projects]]
  branch = "master"
  digest = "1:a06e510ccc144ba99f5432312630fd9082ceed0f34aeb4d5947dad1d8c5ee4f9"
  name = "golang.org/x/net"
  packages = [
    "html",
    "html/atom",
  ]
  pruneopts = "UT"
  revision = "4829fb13d2c62012c17688fa7f629f371014946d"

[solve-meta]
  analyzer-name = "dep"
  analyzer-version = 1
  input-imports = [
    "github.com/unrolled/render",
    "github.com/vanng822/go-premailer/premailer",
    "github.com/vanng822/r2router",
    "github.com/vanng822/recovery",
  ]
  solver-name = "gps-cdcl"
  solver-version = 1
